// !$*UTF8*$!
{
	archiveVersion = 1;
	classes = {
	};
	objectVersion = 46;
	objects = {

/* Begin PBXBuildFile section */
		260D76D51951F78300A05669 /* LocationViewController.m in Sources */ = {isa = PBXBuildFile; fileRef = 26E5CA151950E4C800A64A7D /* LocationViewController.m */; };
		260D76D81952007A00A05669 /* AddRecommendationViewController.m in Sources */ = {isa = PBXBuildFile; fileRef = 260D76D71952007A00A05669 /* AddRecommendationViewController.m */; };
		2678FC2E1950847400270B7F /* MapKit.framework in Frameworks */ = {isa = PBXBuildFile; fileRef = 2678FC2D1950847400270B7F /* MapKit.framework */; };
		2681704B19520DE0008A2692 /* LoginViewController.m in Sources */ = {isa = PBXBuildFile; fileRef = 269650D31950CC0000418FCE /* LoginViewController.m */; };
		2681704D195228AE008A2692 /* HomeViewController.m in Sources */ = {isa = PBXBuildFile; fileRef = 26E5CA121950E4BE00A64A7D /* HomeViewController.m */; };
		269650D71950CE1500418FCE /* FacebookSDK.framework in Frameworks */ = {isa = PBXBuildFile; fileRef = 269650D61950CE1500418FCE /* FacebookSDK.framework */; };
		26E5CA1D1951DEDE00A64A7D /* main.m in Sources */ = {isa = PBXBuildFile; fileRef = 45F6F695194F848D00289EF0 /* main.m */; };
		450506E019578BB4001D035E /* RecommendationsCollectionViewCell.m in Sources */ = {isa = PBXBuildFile; fileRef = 450506DF19578BB4001D035E /* RecommendationsCollectionViewCell.m */; };
		4599127C1953E5080083B4EF /* ParseRecommendation.m in Sources */ = {isa = PBXBuildFile; fileRef = 4599127B1953E5080083B4EF /* ParseRecommendation.m */; };
		4599127F1954980D0083B4EF /* Recommendation.m in Sources */ = {isa = PBXBuildFile; fileRef = 4599127E1954980D0083B4EF /* Recommendation.m */; };
		459912821955E80E0083B4EF /* TabBarViewController.m in Sources */ = {isa = PBXBuildFile; fileRef = 459912811955E80E0083B4EF /* TabBarViewController.m */; };
		4599128519565B5E0083B4EF /* RecommendationTabBarItem.m in Sources */ = {isa = PBXBuildFile; fileRef = 4599128419565B5E0083B4EF /* RecommendationTabBarItem.m */; };
		45D7F86E1952140C0051105A /* DetailMapViewController.m in Sources */ = {isa = PBXBuildFile; fileRef = 45D7F86D1952140C0051105A /* DetailMapViewController.m */; };
		45F6F68A194F848D00289EF0 /* Foundation.framework in Frameworks */ = {isa = PBXBuildFile; fileRef = 45F6F689194F848D00289EF0 /* Foundation.framework */; };
		45F6F68C194F848D00289EF0 /* CoreGraphics.framework in Frameworks */ = {isa = PBXBuildFile; fileRef = 45F6F68B194F848D00289EF0 /* CoreGraphics.framework */; };
		45F6F68E194F848D00289EF0 /* UIKit.framework in Frameworks */ = {isa = PBXBuildFile; fileRef = 45F6F68D194F848D00289EF0 /* UIKit.framework */; };
		45F6F694194F848D00289EF0 /* InfoPlist.strings in Resources */ = {isa = PBXBuildFile; fileRef = 45F6F692194F848D00289EF0 /* InfoPlist.strings */; };
		45F6F69A194F848D00289EF0 /* AppDelegate.m in Sources */ = {isa = PBXBuildFile; fileRef = 45F6F699194F848D00289EF0 /* AppDelegate.m */; };
		45F6F69D194F848D00289EF0 /* Main.storyboard in Resources */ = {isa = PBXBuildFile; fileRef = 45F6F69B194F848D00289EF0 /* Main.storyboard */; };
		45F6F6A2194F848D00289EF0 /* Images.xcassets in Resources */ = {isa = PBXBuildFile; fileRef = 45F6F6A1194F848D00289EF0 /* Images.xcassets */; };
		45F6F6A9194F848D00289EF0 /* XCTest.framework in Frameworks */ = {isa = PBXBuildFile; fileRef = 45F6F6A8194F848D00289EF0 /* XCTest.framework */; };
		45F6F6AA194F848D00289EF0 /* Foundation.framework in Frameworks */ = {isa = PBXBuildFile; fileRef = 45F6F689194F848D00289EF0 /* Foundation.framework */; };
		45F6F6AB194F848D00289EF0 /* UIKit.framework in Frameworks */ = {isa = PBXBuildFile; fileRef = 45F6F68D194F848D00289EF0 /* UIKit.framework */; };
		45F6F6B3194F848D00289EF0 /* InfoPlist.strings in Resources */ = {isa = PBXBuildFile; fileRef = 45F6F6B1194F848D00289EF0 /* InfoPlist.strings */; };
		45F6F6B5194F848D00289EF0 /* RecommendTests.m in Sources */ = {isa = PBXBuildFile; fileRef = 45F6F6B4194F848D00289EF0 /* RecommendTests.m */; };
		45F6F6BF194F86BB00289EF0 /* AudioToolbox.framework in Frameworks */ = {isa = PBXBuildFile; fileRef = 45F6F6BE194F86BB00289EF0 /* AudioToolbox.framework */; };
		45F6F6C1194F86C100289EF0 /* CFNetwork.framework in Frameworks */ = {isa = PBXBuildFile; fileRef = 45F6F6C0194F86C100289EF0 /* CFNetwork.framework */; };
		45F6F6C3194F86CF00289EF0 /* CoreLocation.framework in Frameworks */ = {isa = PBXBuildFile; fileRef = 45F6F6C2194F86CF00289EF0 /* CoreLocation.framework */; };
		45F6F6C5194F86D700289EF0 /* libz.dylib in Frameworks */ = {isa = PBXBuildFile; fileRef = 45F6F6C4194F86D700289EF0 /* libz.dylib */; };
		45F6F6C7194F86DE00289EF0 /* MobileCoreServices.framework in Frameworks */ = {isa = PBXBuildFile; fileRef = 45F6F6C6194F86DE00289EF0 /* MobileCoreServices.framework */; };
		45F6F6C9194F86E500289EF0 /* QuartzCore.framework in Frameworks */ = {isa = PBXBuildFile; fileRef = 45F6F6C8194F86E500289EF0 /* QuartzCore.framework */; };
		45F6F6CB194F86EA00289EF0 /* Security.framework in Frameworks */ = {isa = PBXBuildFile; fileRef = 45F6F6CA194F86EA00289EF0 /* Security.framework */; };
		45F6F6CD194F86F100289EF0 /* StoreKit.framework in Frameworks */ = {isa = PBXBuildFile; fileRef = 45F6F6CC194F86F100289EF0 /* StoreKit.framework */; };
		45F6F6CF194F86F700289EF0 /* SystemConfiguration.framework in Frameworks */ = {isa = PBXBuildFile; fileRef = 45F6F6CE194F86F700289EF0 /* SystemConfiguration.framework */; };
		45F6F6D1194F870200289EF0 /* Parse.framework in Frameworks */ = {isa = PBXBuildFile; fileRef = 45F6F6D0194F870200289EF0 /* Parse.framework */; };
		45F6F6DF1950CBAA00289EF0 /* AssetsLibrary.framework in Frameworks */ = {isa = PBXBuildFile; fileRef = 45F6F6DE1950CBAA00289EF0 /* AssetsLibrary.framework */; };
		45F6F6F71950EA6C00289EF0 /* RecommendationsTableViewController.m in Sources */ = {isa = PBXBuildFile; fileRef = 45F6F6F01950EA6C00289EF0 /* RecommendationsTableViewController.m */; };
		45F6F7011951E98600289EF0 /* DetailViewController.m in Sources */ = {isa = PBXBuildFile; fileRef = 45F6F7001951E98600289EF0 /* DetailViewController.m */; };
/* End PBXBuildFile section */

/* Begin PBXContainerItemProxy section */
		45F6F6AC194F848D00289EF0 /* PBXContainerItemProxy */ = {
			isa = PBXContainerItemProxy;
			containerPortal = 45F6F67E194F848D00289EF0 /* Project object */;
			proxyType = 1;
			remoteGlobalIDString = 45F6F685194F848D00289EF0;
			remoteInfo = Recommend;
		};
/* End PBXContainerItemProxy section */

/* Begin PBXFileReference section */
		260D76D61952007A00A05669 /* AddRecommendationViewController.h */ = {isa = PBXFileReference; fileEncoding = 4; lastKnownFileType = sourcecode.c.h; path = AddRecommendationViewController.h; sourceTree = "<group>"; };
		260D76D71952007A00A05669 /* AddRecommendationViewController.m */ = {isa = PBXFileReference; fileEncoding = 4; lastKnownFileType = sourcecode.c.objc; path = AddRecommendationViewController.m; sourceTree = "<group>"; };
		2678FC2D1950847400270B7F /* MapKit.framework */ = {isa = PBXFileReference; lastKnownFileType = wrapper.framework; name = MapKit.framework; path = System/Library/Frameworks/MapKit.framework; sourceTree = SDKROOT; };
		2681704C19522878008A2692 /* HomeViewController.h */ = {isa = PBXFileReference; lastKnownFileType = sourcecode.c.h; path = HomeViewController.h; sourceTree = "<group>"; };
		269650D21950CC0000418FCE /* LoginViewController.h */ = {isa = PBXFileReference; fileEncoding = 4; lastKnownFileType = sourcecode.c.h; path = LoginViewController.h; sourceTree = "<group>"; };
		269650D31950CC0000418FCE /* LoginViewController.m */ = {isa = PBXFileReference; fileEncoding = 4; lastKnownFileType = sourcecode.c.objc; path = LoginViewController.m; sourceTree = "<group>"; };
		269650D61950CE1500418FCE /* FacebookSDK.framework */ = {isa = PBXFileReference; lastKnownFileType = wrapper.framework; path = FacebookSDK.framework; sourceTree = "<group>"; };
		26E5CA121950E4BE00A64A7D /* HomeViewController.m */ = {isa = PBXFileReference; fileEncoding = 4; lastKnownFileType = sourcecode.c.objc; path = HomeViewController.m; sourceTree = "<group>"; };
		26E5CA141950E4C800A64A7D /* LocationViewController.h */ = {isa = PBXFileReference; fileEncoding = 4; lastKnownFileType = sourcecode.c.h; path = LocationViewController.h; sourceTree = "<group>"; };
		26E5CA151950E4C800A64A7D /* LocationViewController.m */ = {isa = PBXFileReference; fileEncoding = 4; lastKnownFileType = sourcecode.c.objc; path = LocationViewController.m; sourceTree = "<group>"; };
		450506DE19578BB4001D035E /* RecommendationsCollectionViewCell.h */ = {isa = PBXFileReference; fileEncoding = 4; lastKnownFileType = sourcecode.c.h; path = RecommendationsCollectionViewCell.h; sourceTree = SOURCE_ROOT; };
		450506DF19578BB4001D035E /* RecommendationsCollectionViewCell.m */ = {isa = PBXFileReference; fileEncoding = 4; lastKnownFileType = sourcecode.c.objc; path = RecommendationsCollectionViewCell.m; sourceTree = SOURCE_ROOT; };
		4599127A1953E5080083B4EF /* ParseRecommendation.h */ = {isa = PBXFileReference; fileEncoding = 4; lastKnownFileType = sourcecode.c.h; path = ParseRecommendation.h; sourceTree = "<group>"; };
		4599127B1953E5080083B4EF /* ParseRecommendation.m */ = {isa = PBXFileReference; fileEncoding = 4; lastKnownFileType = sourcecode.c.objc; path = ParseRecommendation.m; sourceTree = "<group>"; };
		4599127D1954980D0083B4EF /* Recommendation.h */ = {isa = PBXFileReference; fileEncoding = 4; lastKnownFileType = sourcecode.c.h; path = Recommendation.h; sourceTree = "<group>"; };
		4599127E1954980D0083B4EF /* Recommendation.m */ = {isa = PBXFileReference; fileEncoding = 4; lastKnownFileType = sourcecode.c.objc; path = Recommendation.m; sourceTree = "<group>"; };
		459912801955E80E0083B4EF /* TabBarViewController.h */ = {isa = PBXFileReference; fileEncoding = 4; lastKnownFileType = sourcecode.c.h; path = TabBarViewController.h; sourceTree = "<group>"; };
		459912811955E80E0083B4EF /* TabBarViewController.m */ = {isa = PBXFileReference; fileEncoding = 4; lastKnownFileType = sourcecode.c.objc; path = TabBarViewController.m; sourceTree = "<group>"; };
		4599128319565B5E0083B4EF /* RecommendationTabBarItem.h */ = {isa = PBXFileReference; fileEncoding = 4; lastKnownFileType = sourcecode.c.h; path = RecommendationTabBarItem.h; sourceTree = "<group>"; };
		4599128419565B5E0083B4EF /* RecommendationTabBarItem.m */ = {isa = PBXFileReference; fileEncoding = 4; lastKnownFileType = sourcecode.c.objc; path = RecommendationTabBarItem.m; sourceTree = "<group>"; };
		45D7F86C1952140C0051105A /* DetailMapViewController.h */ = {isa = PBXFileReference; fileEncoding = 4; lastKnownFileType = sourcecode.c.h; path = DetailMapViewController.h; sourceTree = "<group>"; };
		45D7F86D1952140C0051105A /* DetailMapViewController.m */ = {isa = PBXFileReference; fileEncoding = 4; lastKnownFileType = sourcecode.c.objc; path = DetailMapViewController.m; sourceTree = "<group>"; };
		45F6F686194F848D00289EF0 /* Recommend.app */ = {isa = PBXFileReference; explicitFileType = wrapper.application; includeInIndex = 0; path = Recommend.app; sourceTree = BUILT_PRODUCTS_DIR; };
		45F6F689194F848D00289EF0 /* Foundation.framework */ = {isa = PBXFileReference; lastKnownFileType = wrapper.framework; name = Foundation.framework; path = System/Library/Frameworks/Foundation.framework; sourceTree = SDKROOT; };
		45F6F68B194F848D00289EF0 /* CoreGraphics.framework */ = {isa = PBXFileReference; lastKnownFileType = wrapper.framework; name = CoreGraphics.framework; path = System/Library/Frameworks/CoreGraphics.framework; sourceTree = SDKROOT; };
		45F6F68D194F848D00289EF0 /* UIKit.framework */ = {isa = PBXFileReference; lastKnownFileType = wrapper.framework; name = UIKit.framework; path = System/Library/Frameworks/UIKit.framework; sourceTree = SDKROOT; };
		45F6F691194F848D00289EF0 /* Recommend-Info.plist */ = {isa = PBXFileReference; lastKnownFileType = text.plist.xml; path = "Recommend-Info.plist"; sourceTree = "<group>"; };
		45F6F693194F848D00289EF0 /* en */ = {isa = PBXFileReference; lastKnownFileType = text.plist.strings; name = en; path = en.lproj/InfoPlist.strings; sourceTree = "<group>"; };
		45F6F695194F848D00289EF0 /* main.m */ = {isa = PBXFileReference; lastKnownFileType = sourcecode.c.objc; path = main.m; sourceTree = "<group>"; };
		45F6F697194F848D00289EF0 /* Recommend-Prefix.pch */ = {isa = PBXFileReference; lastKnownFileType = sourcecode.c.h; path = "Recommend-Prefix.pch"; sourceTree = "<group>"; };
		45F6F698194F848D00289EF0 /* AppDelegate.h */ = {isa = PBXFileReference; lastKnownFileType = sourcecode.c.h; path = AppDelegate.h; sourceTree = "<group>"; };
		45F6F699194F848D00289EF0 /* AppDelegate.m */ = {isa = PBXFileReference; lastKnownFileType = sourcecode.c.objc; path = AppDelegate.m; sourceTree = "<group>"; };
		45F6F69C194F848D00289EF0 /* Base */ = {isa = PBXFileReference; lastKnownFileType = file.storyboard; name = Base; path = Base.lproj/Main.storyboard; sourceTree = "<group>"; };
		45F6F6A1194F848D00289EF0 /* Images.xcassets */ = {isa = PBXFileReference; lastKnownFileType = folder.assetcatalog; path = Images.xcassets; sourceTree = "<group>"; };
		45F6F6A7194F848D00289EF0 /* RecommendTests.xctest */ = {isa = PBXFileReference; explicitFileType = wrapper.cfbundle; includeInIndex = 0; path = RecommendTests.xctest; sourceTree = BUILT_PRODUCTS_DIR; };
		45F6F6A8194F848D00289EF0 /* XCTest.framework */ = {isa = PBXFileReference; lastKnownFileType = wrapper.framework; name = XCTest.framework; path = Library/Frameworks/XCTest.framework; sourceTree = DEVELOPER_DIR; };
		45F6F6B0194F848D00289EF0 /* RecommendTests-Info.plist */ = {isa = PBXFileReference; lastKnownFileType = text.plist.xml; path = "RecommendTests-Info.plist"; sourceTree = "<group>"; };
		45F6F6B2194F848D00289EF0 /* en */ = {isa = PBXFileReference; lastKnownFileType = text.plist.strings; name = en; path = en.lproj/InfoPlist.strings; sourceTree = "<group>"; };
		45F6F6B4194F848D00289EF0 /* RecommendTests.m */ = {isa = PBXFileReference; lastKnownFileType = sourcecode.c.objc; path = RecommendTests.m; sourceTree = "<group>"; };
		45F6F6BE194F86BB00289EF0 /* AudioToolbox.framework */ = {isa = PBXFileReference; lastKnownFileType = wrapper.framework; name = AudioToolbox.framework; path = System/Library/Frameworks/AudioToolbox.framework; sourceTree = SDKROOT; };
		45F6F6C0194F86C100289EF0 /* CFNetwork.framework */ = {isa = PBXFileReference; lastKnownFileType = wrapper.framework; name = CFNetwork.framework; path = System/Library/Frameworks/CFNetwork.framework; sourceTree = SDKROOT; };
		45F6F6C2194F86CF00289EF0 /* CoreLocation.framework */ = {isa = PBXFileReference; lastKnownFileType = wrapper.framework; name = CoreLocation.framework; path = System/Library/Frameworks/CoreLocation.framework; sourceTree = SDKROOT; };
		45F6F6C4194F86D700289EF0 /* libz.dylib */ = {isa = PBXFileReference; lastKnownFileType = "compiled.mach-o.dylib"; name = libz.dylib; path = usr/lib/libz.dylib; sourceTree = SDKROOT; };
		45F6F6C6194F86DE00289EF0 /* MobileCoreServices.framework */ = {isa = PBXFileReference; lastKnownFileType = wrapper.framework; name = MobileCoreServices.framework; path = System/Library/Frameworks/MobileCoreServices.framework; sourceTree = SDKROOT; };
		45F6F6C8194F86E500289EF0 /* QuartzCore.framework */ = {isa = PBXFileReference; lastKnownFileType = wrapper.framework; name = QuartzCore.framework; path = System/Library/Frameworks/QuartzCore.framework; sourceTree = SDKROOT; };
		45F6F6CA194F86EA00289EF0 /* Security.framework */ = {isa = PBXFileReference; lastKnownFileType = wrapper.framework; name = Security.framework; path = System/Library/Frameworks/Security.framework; sourceTree = SDKROOT; };
		45F6F6CC194F86F100289EF0 /* StoreKit.framework */ = {isa = PBXFileReference; lastKnownFileType = wrapper.framework; name = StoreKit.framework; path = System/Library/Frameworks/StoreKit.framework; sourceTree = SDKROOT; };
		45F6F6CE194F86F700289EF0 /* SystemConfiguration.framework */ = {isa = PBXFileReference; lastKnownFileType = wrapper.framework; name = SystemConfiguration.framework; path = System/Library/Frameworks/SystemConfiguration.framework; sourceTree = SDKROOT; };
		45F6F6D0194F870200289EF0 /* Parse.framework */ = {isa = PBXFileReference; lastKnownFileType = wrapper.framework; path = Parse.framework; sourceTree = "<group>"; };
		45F6F6DE1950CBAA00289EF0 /* AssetsLibrary.framework */ = {isa = PBXFileReference; lastKnownFileType = wrapper.framework; name = AssetsLibrary.framework; path = System/Library/Frameworks/AssetsLibrary.framework; sourceTree = SDKROOT; };
		45F6F6E01950CCEE00289EF0 /* CoreImage.framework */ = {isa = PBXFileReference; lastKnownFileType = wrapper.framework; name = CoreImage.framework; path = System/Library/Frameworks/CoreImage.framework; sourceTree = SDKROOT; };
		45F6F6E11950CCEE00289EF0 /* ImageIO.framework */ = {isa = PBXFileReference; lastKnownFileType = wrapper.framework; name = ImageIO.framework; path = System/Library/Frameworks/ImageIO.framework; sourceTree = SDKROOT; };
		45F6F6E41950CD2F00289EF0 /* CoreMedia.framework */ = {isa = PBXFileReference; lastKnownFileType = wrapper.framework; name = CoreMedia.framework; path = System/Library/Frameworks/CoreMedia.framework; sourceTree = SDKROOT; };
		45F6F6E61950CD5700289EF0 /* CoreVideo.framework */ = {isa = PBXFileReference; lastKnownFileType = wrapper.framework; name = CoreVideo.framework; path = System/Library/Frameworks/CoreVideo.framework; sourceTree = SDKROOT; };
		45F6F6EF1950EA6C00289EF0 /* RecommendationsTableViewController.h */ = {isa = PBXFileReference; fileEncoding = 4; lastKnownFileType = sourcecode.c.h; path = RecommendationsTableViewController.h; sourceTree = "<group>"; };
		45F6F6F01950EA6C00289EF0 /* RecommendationsTableViewController.m */ = {isa = PBXFileReference; fileEncoding = 4; lastKnownFileType = sourcecode.c.objc; path = RecommendationsTableViewController.m; sourceTree = "<group>"; };
		45F6F6FF1951E98600289EF0 /* DetailViewController.h */ = {isa = PBXFileReference; fileEncoding = 4; lastKnownFileType = sourcecode.c.h; path = DetailViewController.h; sourceTree = "<group>"; };
		45F6F7001951E98600289EF0 /* DetailViewController.m */ = {isa = PBXFileReference; fileEncoding = 4; lastKnownFileType = sourcecode.c.objc; path = DetailViewController.m; sourceTree = "<group>"; };
/* End PBXFileReference section */

/* Begin PBXFrameworksBuildPhase section */
		45F6F683194F848D00289EF0 /* Frameworks */ = {
			isa = PBXFrameworksBuildPhase;
			buildActionMask = 2147483647;
			files = (
				45F6F6DF1950CBAA00289EF0 /* AssetsLibrary.framework in Frameworks */,
				2678FC2E1950847400270B7F /* MapKit.framework in Frameworks */,
				45F6F6CF194F86F700289EF0 /* SystemConfiguration.framework in Frameworks */,
				45F6F6CD194F86F100289EF0 /* StoreKit.framework in Frameworks */,
				45F6F6CB194F86EA00289EF0 /* Security.framework in Frameworks */,
				45F6F6C9194F86E500289EF0 /* QuartzCore.framework in Frameworks */,
				45F6F6C7194F86DE00289EF0 /* MobileCoreServices.framework in Frameworks */,
				45F6F6C5194F86D700289EF0 /* libz.dylib in Frameworks */,
				45F6F6D1194F870200289EF0 /* Parse.framework in Frameworks */,
				45F6F6C3194F86CF00289EF0 /* CoreLocation.framework in Frameworks */,
				45F6F68C194F848D00289EF0 /* CoreGraphics.framework in Frameworks */,
				45F6F6C1194F86C100289EF0 /* CFNetwork.framework in Frameworks */,
				269650D71950CE1500418FCE /* FacebookSDK.framework in Frameworks */,
				45F6F6BF194F86BB00289EF0 /* AudioToolbox.framework in Frameworks */,
				45F6F68E194F848D00289EF0 /* UIKit.framework in Frameworks */,
				45F6F68A194F848D00289EF0 /* Foundation.framework in Frameworks */,
			);
			runOnlyForDeploymentPostprocessing = 0;
		};
		45F6F6A4194F848D00289EF0 /* Frameworks */ = {
			isa = PBXFrameworksBuildPhase;
			buildActionMask = 2147483647;
			files = (
				45F6F6A9194F848D00289EF0 /* XCTest.framework in Frameworks */,
				45F6F6AB194F848D00289EF0 /* UIKit.framework in Frameworks */,
				45F6F6AA194F848D00289EF0 /* Foundation.framework in Frameworks */,
			);
			runOnlyForDeploymentPostprocessing = 0;
		};
/* End PBXFrameworksBuildPhase section */

/* Begin PBXGroup section */
		45F6F67D194F848D00289EF0 = {
			isa = PBXGroup;
			children = (
				45F6F68F194F848D00289EF0 /* Recommend */,
				45F6F6AE194F848D00289EF0 /* RecommendTests */,
				45F6F688194F848D00289EF0 /* Frameworks */,
				45F6F687194F848D00289EF0 /* Products */,
			);
			sourceTree = "<group>";
		};
		45F6F687194F848D00289EF0 /* Products */ = {
			isa = PBXGroup;
			children = (
				45F6F686194F848D00289EF0 /* Recommend.app */,
				45F6F6A7194F848D00289EF0 /* RecommendTests.xctest */,
			);
			name = Products;
			sourceTree = "<group>";
		};
		45F6F688194F848D00289EF0 /* Frameworks */ = {
			isa = PBXGroup;
			children = (
				45F6F6E61950CD5700289EF0 /* CoreVideo.framework */,
				45F6F6E41950CD2F00289EF0 /* CoreMedia.framework */,
				45F6F6E01950CCEE00289EF0 /* CoreImage.framework */,
				45F6F6E11950CCEE00289EF0 /* ImageIO.framework */,
				45F6F6DE1950CBAA00289EF0 /* AssetsLibrary.framework */,
				269650D61950CE1500418FCE /* FacebookSDK.framework */,
				2678FC2D1950847400270B7F /* MapKit.framework */,
				45F6F6D0194F870200289EF0 /* Parse.framework */,
				45F6F6CE194F86F700289EF0 /* SystemConfiguration.framework */,
				45F6F6CC194F86F100289EF0 /* StoreKit.framework */,
				45F6F6CA194F86EA00289EF0 /* Security.framework */,
				45F6F6C8194F86E500289EF0 /* QuartzCore.framework */,
				45F6F6C6194F86DE00289EF0 /* MobileCoreServices.framework */,
				45F6F6C4194F86D700289EF0 /* libz.dylib */,
				45F6F6C2194F86CF00289EF0 /* CoreLocation.framework */,
				45F6F6C0194F86C100289EF0 /* CFNetwork.framework */,
				45F6F6BE194F86BB00289EF0 /* AudioToolbox.framework */,
				45F6F689194F848D00289EF0 /* Foundation.framework */,
				45F6F68B194F848D00289EF0 /* CoreGraphics.framework */,
				45F6F68D194F848D00289EF0 /* UIKit.framework */,
				45F6F6A8194F848D00289EF0 /* XCTest.framework */,
			);
			name = Frameworks;
			sourceTree = "<group>";
		};
		45F6F68F194F848D00289EF0 /* Recommend */ = {
			isa = PBXGroup;
			children = (
				45F6F69B194F848D00289EF0 /* Main.storyboard */,
				45F6F698194F848D00289EF0 /* AppDelegate.h */,
				45F6F699194F848D00289EF0 /* AppDelegate.m */,
				260D76D61952007A00A05669 /* AddRecommendationViewController.h */,
				260D76D71952007A00A05669 /* AddRecommendationViewController.m */,
				45F6F6EF1950EA6C00289EF0 /* RecommendationsTableViewController.h */,
				45F6F6F01950EA6C00289EF0 /* RecommendationsTableViewController.m */,
				450506DE19578BB4001D035E /* RecommendationsCollectionViewCell.h */,
				450506DF19578BB4001D035E /* RecommendationsCollectionViewCell.m */,
				4599128319565B5E0083B4EF /* RecommendationTabBarItem.h */,
				4599128419565B5E0083B4EF /* RecommendationTabBarItem.m */,
				45D7F86C1952140C0051105A /* DetailMapViewController.h */,
				45D7F86D1952140C0051105A /* DetailMapViewController.m */,
				45F6F6FF1951E98600289EF0 /* DetailViewController.h */,
				45F6F7001951E98600289EF0 /* DetailViewController.m */,
				459912801955E80E0083B4EF /* TabBarViewController.h */,
				459912811955E80E0083B4EF /* TabBarViewController.m */,
				2681704C19522878008A2692 /* HomeViewController.h */,
				26E5CA121950E4BE00A64A7D /* HomeViewController.m */,
				4599127A1953E5080083B4EF /* ParseRecommendation.h */,
				4599127B1953E5080083B4EF /* ParseRecommendation.m */,
				4599127D1954980D0083B4EF /* Recommendation.h */,
				4599127E1954980D0083B4EF /* Recommendation.m */,
				269650D21950CC0000418FCE /* LoginViewController.h */,
				269650D31950CC0000418FCE /* LoginViewController.m */,
				26E5CA141950E4C800A64A7D /* LocationViewController.h */,
				26E5CA151950E4C800A64A7D /* LocationViewController.m */,
				45F6F6A1194F848D00289EF0 /* Images.xcassets */,
				45F6F690194F848D00289EF0 /* Supporting Files */,
			);
			path = Recommend;
			sourceTree = "<group>";
		};
		45F6F690194F848D00289EF0 /* Supporting Files */ = {
			isa = PBXGroup;
			children = (
				45F6F691194F848D00289EF0 /* Recommend-Info.plist */,
				45F6F692194F848D00289EF0 /* InfoPlist.strings */,
				45F6F695194F848D00289EF0 /* main.m */,
				45F6F697194F848D00289EF0 /* Recommend-Prefix.pch */,
			);
			name = "Supporting Files";
			sourceTree = "<group>";
		};
		45F6F6AE194F848D00289EF0 /* RecommendTests */ = {
			isa = PBXGroup;
			children = (
				45F6F6B4194F848D00289EF0 /* RecommendTests.m */,
				45F6F6AF194F848D00289EF0 /* Supporting Files */,
			);
			path = RecommendTests;
			sourceTree = "<group>";
		};
		45F6F6AF194F848D00289EF0 /* Supporting Files */ = {
			isa = PBXGroup;
			children = (
				45F6F6B0194F848D00289EF0 /* RecommendTests-Info.plist */,
				45F6F6B1194F848D00289EF0 /* InfoPlist.strings */,
			);
			name = "Supporting Files";
			sourceTree = "<group>";
		};
/* End PBXGroup section */

/* Begin PBXNativeTarget section */
		45F6F685194F848D00289EF0 /* Recommend */ = {
			isa = PBXNativeTarget;
			buildConfigurationList = 45F6F6B8194F848D00289EF0 /* Build configuration list for PBXNativeTarget "Recommend" */;
			buildPhases = (
				45F6F682194F848D00289EF0 /* Sources */,
				45F6F683194F848D00289EF0 /* Frameworks */,
				45F6F684194F848D00289EF0 /* Resources */,
			);
			buildRules = (
			);
			dependencies = (
			);
			name = Recommend;
			productName = Recommend;
			productReference = 45F6F686194F848D00289EF0 /* Recommend.app */;
			productType = "com.apple.product-type.application";
		};
		45F6F6A6194F848D00289EF0 /* RecommendTests */ = {
			isa = PBXNativeTarget;
			buildConfigurationList = 45F6F6BB194F848D00289EF0 /* Build configuration list for PBXNativeTarget "RecommendTests" */;
			buildPhases = (
				45F6F6A3194F848D00289EF0 /* Sources */,
				45F6F6A4194F848D00289EF0 /* Frameworks */,
				45F6F6A5194F848D00289EF0 /* Resources */,
			);
			buildRules = (
			);
			dependencies = (
				45F6F6AD194F848D00289EF0 /* PBXTargetDependency */,
			);
			name = RecommendTests;
			productName = RecommendTests;
			productReference = 45F6F6A7194F848D00289EF0 /* RecommendTests.xctest */;
			productType = "com.apple.product-type.bundle.unit-test";
		};
/* End PBXNativeTarget section */

/* Begin PBXProject section */
		45F6F67E194F848D00289EF0 /* Project object */ = {
			isa = PBXProject;
			attributes = {
				LastUpgradeCheck = 0510;
				ORGANIZATIONNAME = "Orten, Thomas";
				TargetAttributes = {
					45F6F685194F848D00289EF0 = {
						DevelopmentTeam = Y9KZH5XQDN;
					};
					45F6F6A6194F848D00289EF0 = {
						TestTargetID = 45F6F685194F848D00289EF0;
					};
				};
			};
			buildConfigurationList = 45F6F681194F848D00289EF0 /* Build configuration list for PBXProject "Recommend" */;
			compatibilityVersion = "Xcode 3.2";
			developmentRegion = English;
			hasScannedForEncodings = 0;
			knownRegions = (
				en,
				Base,
			);
			mainGroup = 45F6F67D194F848D00289EF0;
			productRefGroup = 45F6F687194F848D00289EF0 /* Products */;
			projectDirPath = "";
			projectRoot = "";
			targets = (
				45F6F685194F848D00289EF0 /* Recommend */,
				45F6F6A6194F848D00289EF0 /* RecommendTests */,
			);
		};
/* End PBXProject section */

/* Begin PBXResourcesBuildPhase section */
		45F6F684194F848D00289EF0 /* Resources */ = {
			isa = PBXResourcesBuildPhase;
			buildActionMask = 2147483647;
			files = (
				45F6F6A2194F848D00289EF0 /* Images.xcassets in Resources */,
				45F6F694194F848D00289EF0 /* InfoPlist.strings in Resources */,
				45F6F69D194F848D00289EF0 /* Main.storyboard in Resources */,
			);
			runOnlyForDeploymentPostprocessing = 0;
		};
		45F6F6A5194F848D00289EF0 /* Resources */ = {
			isa = PBXResourcesBuildPhase;
			buildActionMask = 2147483647;
			files = (
				45F6F6B3194F848D00289EF0 /* InfoPlist.strings in Resources */,
			);
			runOnlyForDeploymentPostprocessing = 0;
		};
/* End PBXResourcesBuildPhase section */

/* Begin PBXSourcesBuildPhase section */
		45F6F682194F848D00289EF0 /* Sources */ = {
			isa = PBXSourcesBuildPhase;
			buildActionMask = 2147483647;
			files = (
				4599127C1953E5080083B4EF /* ParseRecommendation.m in Sources */,
				2681704D195228AE008A2692 /* HomeViewController.m in Sources */,
				2681704B19520DE0008A2692 /* LoginViewController.m in Sources */,
				4599128519565B5E0083B4EF /* RecommendationTabBarItem.m in Sources */,
				4599127F1954980D0083B4EF /* Recommendation.m in Sources */,
				459912821955E80E0083B4EF /* TabBarViewController.m in Sources */,
				260D76D51951F78300A05669 /* LocationViewController.m in Sources */,
				450506E019578BB4001D035E /* RecommendationsCollectionViewCell.m in Sources */,
				26E5CA1D1951DEDE00A64A7D /* main.m in Sources */,
				45F6F69A194F848D00289EF0 /* AppDelegate.m in Sources */,
				260D76D81952007A00A05669 /* AddRecommendationViewController.m in Sources */,
				45F6F7011951E98600289EF0 /* DetailViewController.m in Sources */,
				45D7F86E1952140C0051105A /* DetailMapViewController.m in Sources */,
				45F6F6F71950EA6C00289EF0 /* RecommendationsTableViewController.m in Sources */,
			);
			runOnlyForDeploymentPostprocessing = 0;
		};
		45F6F6A3194F848D00289EF0 /* Sources */ = {
			isa = PBXSourcesBuildPhase;
			buildActionMask = 2147483647;
			files = (
				45F6F6B5194F848D00289EF0 /* RecommendTests.m in Sources */,
			);
			runOnlyForDeploymentPostprocessing = 0;
		};
/* End PBXSourcesBuildPhase section */

/* Begin PBXTargetDependency section */
		45F6F6AD194F848D00289EF0 /* PBXTargetDependency */ = {
			isa = PBXTargetDependency;
			target = 45F6F685194F848D00289EF0 /* Recommend */;
			targetProxy = 45F6F6AC194F848D00289EF0 /* PBXContainerItemProxy */;
		};
/* End PBXTargetDependency section */

/* Begin PBXVariantGroup section */
		45F6F692194F848D00289EF0 /* InfoPlist.strings */ = {
			isa = PBXVariantGroup;
			children = (
				45F6F693194F848D00289EF0 /* en */,
			);
			name = InfoPlist.strings;
			sourceTree = "<group>";
		};
		45F6F69B194F848D00289EF0 /* Main.storyboard */ = {
			isa = PBXVariantGroup;
			children = (
				45F6F69C194F848D00289EF0 /* Base */,
			);
			name = Main.storyboard;
			sourceTree = "<group>";
		};
		45F6F6B1194F848D00289EF0 /* InfoPlist.strings */ = {
			isa = PBXVariantGroup;
			children = (
				45F6F6B2194F848D00289EF0 /* en */,
			);
			name = InfoPlist.strings;
			sourceTree = "<group>";
		};
/* End PBXVariantGroup section */

/* Begin XCBuildConfiguration section */
		45F6F6B6194F848D00289EF0 /* Debug */ = {
			isa = XCBuildConfiguration;
			buildSettings = {
				ALWAYS_SEARCH_USER_PATHS = NO;
				CLANG_CXX_LANGUAGE_STANDARD = "gnu++0x";
				CLANG_CXX_LIBRARY = "libc++";
				CLANG_ENABLE_MODULES = YES;
				CLANG_ENABLE_OBJC_ARC = YES;
				CLANG_WARN_BOOL_CONVERSION = YES;
				CLANG_WARN_CONSTANT_CONVERSION = YES;
				CLANG_WARN_DIRECT_OBJC_ISA_USAGE = YES_ERROR;
				CLANG_WARN_EMPTY_BODY = YES;
				CLANG_WARN_ENUM_CONVERSION = YES;
				CLANG_WARN_INT_CONVERSION = YES;
				CLANG_WARN_OBJC_ROOT_CLASS = YES_ERROR;
				CLANG_WARN__DUPLICATE_METHOD_MATCH = YES;
				"CODE_SIGN_IDENTITY[sdk=iphoneos*]" = "iPhone Developer";
				COPY_PHASE_STRIP = NO;
				GCC_C_LANGUAGE_STANDARD = gnu99;
				GCC_DYNAMIC_NO_PIC = NO;
				GCC_OPTIMIZATION_LEVEL = 0;
				GCC_PREPROCESSOR_DEFINITIONS = (
					"DEBUG=1",
					"$(inherited)",
				);
				GCC_SYMBOLS_PRIVATE_EXTERN = NO;
				GCC_WARN_64_TO_32_BIT_CONVERSION = YES;
				GCC_WARN_ABOUT_RETURN_TYPE = YES_ERROR;
				GCC_WARN_UNDECLARED_SELECTOR = YES;
				GCC_WARN_UNINITIALIZED_AUTOS = YES_AGGRESSIVE;
				GCC_WARN_UNUSED_FUNCTION = YES;
				GCC_WARN_UNUSED_VARIABLE = YES;
				IPHONEOS_DEPLOYMENT_TARGET = 7.1;
				ONLY_ACTIVE_ARCH = YES;
				SDKROOT = iphoneos;
			};
			name = Debug;
		};
		45F6F6B7194F848D00289EF0 /* Release */ = {
			isa = XCBuildConfiguration;
			buildSettings = {
				ALWAYS_SEARCH_USER_PATHS = NO;
				CLANG_CXX_LANGUAGE_STANDARD = "gnu++0x";
				CLANG_CXX_LIBRARY = "libc++";
				CLANG_ENABLE_MODULES = YES;
				CLANG_ENABLE_OBJC_ARC = YES;
				CLANG_WARN_BOOL_CONVERSION = YES;
				CLANG_WARN_CONSTANT_CONVERSION = YES;
				CLANG_WARN_DIRECT_OBJC_ISA_USAGE = YES_ERROR;
				CLANG_WARN_EMPTY_BODY = YES;
				CLANG_WARN_ENUM_CONVERSION = YES;
				CLANG_WARN_INT_CONVERSION = YES;
				CLANG_WARN_OBJC_ROOT_CLASS = YES_ERROR;
				CLANG_WARN__DUPLICATE_METHOD_MATCH = YES;
				"CODE_SIGN_IDENTITY[sdk=iphoneos*]" = "iPhone Developer";
				COPY_PHASE_STRIP = YES;
				ENABLE_NS_ASSERTIONS = NO;
				GCC_C_LANGUAGE_STANDARD = gnu99;
				GCC_WARN_64_TO_32_BIT_CONVERSION = YES;
				GCC_WARN_ABOUT_RETURN_TYPE = YES_ERROR;
				GCC_WARN_UNDECLARED_SELECTOR = YES;
				GCC_WARN_UNINITIALIZED_AUTOS = YES_AGGRESSIVE;
				GCC_WARN_UNUSED_FUNCTION = YES;
				GCC_WARN_UNUSED_VARIABLE = YES;
				IPHONEOS_DEPLOYMENT_TARGET = 7.1;
				SDKROOT = iphoneos;
				VALIDATE_PRODUCT = YES;
			};
			name = Release;
		};
		45F6F6B9194F848D00289EF0 /* Debug */ = {
			isa = XCBuildConfiguration;
			buildSettings = {
				ASSETCATALOG_COMPILER_APPICON_NAME = AppIcon;
				ASSETCATALOG_COMPILER_LAUNCHIMAGE_NAME = LaunchImage;
				CODE_SIGN_IDENTITY = "iPhone Developer";
				"CODE_SIGN_IDENTITY[sdk=iphoneos*]" = "iPhone Developer";
				FRAMEWORK_SEARCH_PATHS = (
					"$(inherited)",
					"$(PROJECT_DIR)",
				);
				GCC_PRECOMPILE_PREFIX_HEADER = YES;
				GCC_PREFIX_HEADER = "Recommend/Recommend-Prefix.pch";
				INFOPLIST_FILE = "Recommend/Recommend-Info.plist";
				PRODUCT_NAME = "$(TARGET_NAME)";
				PROVISIONING_PROFILE = "";
				WRAPPER_EXTENSION = app;
			};
			name = Debug;
		};
		45F6F6BA194F848D00289EF0 /* Release */ = {
			isa = XCBuildConfiguration;
			buildSettings = {
				ASSETCATALOG_COMPILER_APPICON_NAME = AppIcon;
				ASSETCATALOG_COMPILER_LAUNCHIMAGE_NAME = LaunchImage;
				CODE_SIGN_IDENTITY = "iPhone Developer";
				"CODE_SIGN_IDENTITY[sdk=iphoneos*]" = "iPhone Developer";
				FRAMEWORK_SEARCH_PATHS = (
					"$(inherited)",
					"$(PROJECT_DIR)",
				);
				GCC_PRECOMPILE_PREFIX_HEADER = YES;
				GCC_PREFIX_HEADER = "Recommend/Recommend-Prefix.pch";
				INFOPLIST_FILE = "Recommend/Recommend-Info.plist";
				PRODUCT_NAME = "$(TARGET_NAME)";
				PROVISIONING_PROFILE = "";
				WRAPPER_EXTENSION = app;
			};
			name = Release;
		};
		45F6F6BC194F848D00289EF0 /* Debug */ = {
			isa = XCBuildConfiguration;
			buildSettings = {
				BUNDLE_LOADER = "$(BUILT_PRODUCTS_DIR)/Recommend.app/Recommend";
				FRAMEWORK_SEARCH_PATHS = (
					"$(SDKROOT)/Developer/Library/Frameworks",
					"$(inherited)",
					"$(DEVELOPER_FRAMEWORKS_DIR)",
				);
				GCC_PRECOMPILE_PREFIX_HEADER = YES;
				GCC_PREFIX_HEADER = "Recommend/Recommend-Prefix.pch";
				GCC_PREPROCESSOR_DEFINITIONS = (
					"DEBUG=1",
					"$(inherited)",
				);
				INFOPLIST_FILE = "RecommendTests/RecommendTests-Info.plist";
				PRODUCT_NAME = "$(TARGET_NAME)";
				TEST_HOST = "$(BUNDLE_LOADER)";
				WRAPPER_EXTENSION = xctest;
			};
			name = Debug;
		};
		45F6F6BD194F848D00289EF0 /* Release */ = {
			isa = XCBuildConfiguration;
			buildSettings = {
				BUNDLE_LOADER = "$(BUILT_PRODUCTS_DIR)/Recommend.app/Recommend";
				FRAMEWORK_SEARCH_PATHS = (
					"$(SDKROOT)/Developer/Library/Frameworks",
					"$(inherited)",
					"$(DEVELOPER_FRAMEWORKS_DIR)",
				);
				GCC_PRECOMPILE_PREFIX_HEADER = YES;
				GCC_PREFIX_HEADER = "Recommend/Recommend-Prefix.pch";
				INFOPLIST_FILE = "RecommendTests/RecommendTests-Info.plist";
				PRODUCT_NAME = "$(TARGET_NAME)";
				TEST_HOST = "$(BUNDLE_LOADER)";
				WRAPPER_EXTENSION = xctest;
			};
			name = Release;
		};
/* End XCBuildConfiguration section */

/* Begin XCConfigurationList section */
		45F6F681194F848D00289EF0 /* Build configuration list for PBXProject "Recommend" */ = {
			isa = XCConfigurationList;
			buildConfigurations = (
				45F6F6B6194F848D00289EF0 /* Debug */,
				45F6F6B7194F848D00289EF0 /* Release */,
			);
			defaultConfigurationIsVisible = 0;
			defaultConfigurationName = Release;
		};
		45F6F6B8194F848D00289EF0 /* Build configuration list for PBXNativeTarget "Recommend" */ = {
			isa = XCConfigurationList;
			buildConfigurations = (
				45F6F6B9194F848D00289EF0 /* Debug */,
				45F6F6BA194F848D00289EF0 /* Release */,
			);
			defaultConfigurationIsVisible = 0;
			defaultConfigurationName = Release;
		};
		45F6F6BB194F848D00289EF0 /* Build configuration list for PBXNativeTarget "RecommendTests" */ = {
			isa = XCConfigurationList;
			buildConfigurations = (
				45F6F6BC194F848D00289EF0 /* Debug */,
				45F6F6BD194F848D00289EF0 /* Release */,
			);
			defaultConfigurationIsVisible = 0;
			defaultConfigurationName = Release;
		};
/* End XCConfigurationList section */
	};
	rootObject = 45F6F67E194F848D00289EF0 /* Project object */;
}
